
Microsoft Visual Studio Solution File, Format Version 12.00
# Visual Studio Version 17
VisualStudioVersion = 17.8.34525.116
MinimumVisualStudioVersion = 10.0.40219.1
Project("{FAE04EC0-301F-11D3-BF4B-00C04F79EFBC}") = "Array methods", "Array methods\Array methods.csproj", "{116B0D30-B1C6-49D8-8954-C43B40F562FF}"
EndProject
Global
	GlobalSection(SolutionConfigurationPlatforms) = preSolution
		Debug|Any CPU = Debug|Any CPU
		Release|Any CPU = Release|Any CPU
	EndGlobalSection
	GlobalSection(ProjectConfigurationPlatforms) = postSolution
		{116B0D30-B1C6-49D8-8954-C43B40F562FF}.Debug|Any CPU.ActiveCfg = Debug|Any CPU
		{116B0D30-B1C6-49D8-8954-C43B40F562FF}.Debug|Any CPU.Build.0 = Debug|Any CPU
		{116B0D30-B1C6-49D8-8954-C43B40F562FF}.Release|Any CPU.ActiveCfg = Release|Any CPU
		{116B0D30-B1C6-49D8-8954-C43B40F562FF}.Release|Any CPU.Build.0 = Release|Any CPU
	EndGlobalSection
	GlobalSection(SolutionProperties) = preSolution
		HideSolutionNode = FALSE
	EndGlobalSection
	GlobalSection(ExtensibilityGlobals) = postSolution
		SolutionGuid = {62B0EB5A-1760-4DB8-80E9-869F392FF3E2}
	EndGlobalSection
EndGlobal
